
Microsoft Visual Studio Solution File, Format Version 12.00
# Visual Studio Version 16
VisualStudioVersion = 16.0.29911.84
MinimumVisualStudioVersion = 10.0.40219.1
Project("{FAE04EC0-301F-11D3-BF4B-00C04F79EFBC}") = "PixelDrawer", "PixelDrawer.csproj", "{4DCB91F1-D5FF-43B8-AB44-8FA2F3CC6A86}"
EndProject
Global
	GlobalSection(SolutionConfigurationPlatforms) = preSolution
		Debug|Any CPU = Debug|Any CPU
		Release|Any CPU = Release|Any CPU
	EndGlobalSection
	GlobalSection(ProjectConfigurationPlatforms) = postSolution
		{4DCB91F1-D5FF-43B8-AB44-8FA2F3CC6A86}.Debug|Any CPU.ActiveCfg = Debug|Any CPU
		{4DCB91F1-D5FF-43B8-AB44-8FA2F3CC6A86}.Debug|Any CPU.Build.0 = Debug|Any CPU
		{4DCB91F1-D5FF-43B8-AB44-8FA2F3CC6A86}.Release|Any CPU.ActiveCfg = Release|Any CPU
		{4DCB91F1-D5FF-43B8-AB44-8FA2F3CC6A86}.Release|Any CPU.Build.0 = Release|Any CPU
	EndGlobalSection
	GlobalSection(SolutionProperties) = preSolution
		HideSolutionNode = FALSE
	EndGlobalSection
	GlobalSection(ExtensibilityGlobals) = postSolution
		SolutionGuid = {FF9F6CC6-11AB-4AE7-AEAB-818618E6F4CB}
	EndGlobalSection
EndGlobal
